
Microsoft Visual Studio Solution File, Format Version 12.00
# Visual Studio Version 16
VisualStudioVersion = 16.0.30413.136
MinimumVisualStudioVersion = 10.0.40219.1
Project("{FAE04EC0-301F-11D3-BF4B-00C04F79EFBC}") = "SRulesEngine", "SRulesEngine\SRulesEngine.csproj", "{2A2DE42C-6D82-40B1-9291-8E584571ECEB}"
EndProject
Project("{FAE04EC0-301F-11D3-BF4B-00C04F79EFBC}") = "SLib.Test", "SRulesEngine.Test\SLib.Test.csproj", "{422ACC57-ACD7-4676-80CC-3B5D56068733}"
EndProject
Global
	GlobalSection(SolutionConfigurationPlatforms) = preSolution
		Debug|Any CPU = Debug|Any CPU
		Release|Any CPU = Release|Any CPU
	EndGlobalSection
	GlobalSection(ProjectConfigurationPlatforms) = postSolution
		{2A2DE42C-6D82-40B1-9291-8E584571ECEB}.Debug|Any CPU.ActiveCfg = Debug|Any CPU
		{2A2DE42C-6D82-40B1-9291-8E584571ECEB}.Debug|Any CPU.Build.0 = Debug|Any CPU
		{2A2DE42C-6D82-40B1-9291-8E584571ECEB}.Release|Any CPU.ActiveCfg = Release|Any CPU
		{2A2DE42C-6D82-40B1-9291-8E584571ECEB}.Release|Any CPU.Build.0 = Release|Any CPU
		{422ACC57-ACD7-4676-80CC-3B5D56068733}.Debug|Any CPU.ActiveCfg = Debug|Any CPU
		{422ACC57-ACD7-4676-80CC-3B5D56068733}.Debug|Any CPU.Build.0 = Debug|Any CPU
		{422ACC57-ACD7-4676-80CC-3B5D56068733}.Release|Any CPU.ActiveCfg = Release|Any CPU
		{422ACC57-ACD7-4676-80CC-3B5D56068733}.Release|Any CPU.Build.0 = Release|Any CPU
	EndGlobalSection
	GlobalSection(SolutionProperties) = preSolution
		HideSolutionNode = FALSE
	EndGlobalSection
	GlobalSection(ExtensibilityGlobals) = postSolution
		SolutionGuid = {5E6229B5-5387-4AB2-8FD3-26470936038D}
	EndGlobalSection
EndGlobal
